
Microsoft Visual Studio Solution File, Format Version 12.00
# Visual Studio 15
VisualStudioVersion = 15.0.28307.106
MinimumVisualStudioVersion = 10.0.40219.1
Project("{FAE04EC0-301F-11D3-BF4B-00C04F79EFBC}") = "JPanBackprop", "JPanBackprop\JPanBackprop.csproj", "{02A4A94C-2E8C-45DD-B321-0F07FDCE7249}"
EndProject
Global
	GlobalSection(SolutionConfigurationPlatforms) = preSolution
		Debug|Any CPU = Debug|Any CPU
		Release|Any CPU = Release|Any CPU
	EndGlobalSection
	GlobalSection(ProjectConfigurationPlatforms) = postSolution
		{02A4A94C-2E8C-45DD-B321-0F07FDCE7249}.Debug|Any CPU.ActiveCfg = Debug|Any CPU
		{02A4A94C-2E8C-45DD-B321-0F07FDCE7249}.Debug|Any CPU.Build.0 = Debug|Any CPU
		{02A4A94C-2E8C-45DD-B321-0F07FDCE7249}.Release|Any CPU.ActiveCfg = Release|Any CPU
		{02A4A94C-2E8C-45DD-B321-0F07FDCE7249}.Release|Any CPU.Build.0 = Release|Any CPU
	EndGlobalSection
	GlobalSection(SolutionProperties) = preSolution
		HideSolutionNode = FALSE
	EndGlobalSection
	GlobalSection(ExtensibilityGlobals) = postSolution
		SolutionGuid = {1C3FD4A1-00ED-43D2-8D5C-3572D2246487}
	EndGlobalSection
EndGlobal
